Microsoft Visual Studio Solution File, Format Version 12.00
# Visual Studio 2012
Project("{FAE04EC0-301F-11D3-BF4B-00C04F79EFBC}") = "ClassicRoguelikeCourse", "ClassicRoguelikeCourse.csproj", "{FF76D483-8DF8-4EDB-8838-19F93CB0276E}"
EndProject
Global
	GlobalSection(SolutionConfigurationPlatforms) = preSolution
	Debug|Any CPU = Debug|Any CPU
	ExportDebug|Any CPU = ExportDebug|Any CPU
	ExportRelease|Any CPU = ExportRelease|Any CPU
	EndGlobalSection
	GlobalSection(ProjectConfigurationPlatforms) = postSolution
		{FF76D483-8DF8-4EDB-8838-19F93CB0276E}.Debug|Any CPU.ActiveCfg = Debug|Any CPU
		{FF76D483-8DF8-4EDB-8838-19F93CB0276E}.Debug|Any CPU.Build.0 = Debug|Any CPU
		{FF76D483-8DF8-4EDB-8838-19F93CB0276E}.ExportDebug|Any CPU.ActiveCfg = ExportDebug|Any CPU
		{FF76D483-8DF8-4EDB-8838-19F93CB0276E}.ExportDebug|Any CPU.Build.0 = ExportDebug|Any CPU
		{FF76D483-8DF8-4EDB-8838-19F93CB0276E}.ExportRelease|Any CPU.ActiveCfg = ExportRelease|Any CPU
		{FF76D483-8DF8-4EDB-8838-19F93CB0276E}.ExportRelease|Any CPU.Build.0 = ExportRelease|Any CPU
	EndGlobalSection
EndGlobal
